<?xml version="1.0" encoding="utf-8"?>
<Project ToolsVersion="4.0" xmlns="http://schemas.microsoft.com/developer/msbuild/2003">
  <ItemGroup>
    <Filter Include="Source Files">
      <UniqueIdentifier>{4FC737F1-C7A5-4376-A066-2A32D752A2FF}</UniqueIdentifier>
      <Extensions>cpp;c;cc;cxx;def;odl;idl;hpj;bat;asm;asmx</Extensions>
    </Filter>
    <Filter Include="Header Files">
      <UniqueIdentifier>{93995380-89BD-4b04-88EB-625FBE52EBFB}</UniqueIdentifier>
      <Extensions>h;hh;hpp;hxx;hm;inl;inc;xsd</Extensions>
    </Filter>
    <Filter Include="Resource Files">
      <UniqueIdentifier>{67DA6AB6-F800-4c08-8B7A-83BB121AAD01}</UniqueIdentifier>
      <Extensions>rc;ico;cur;bmp;dlg;rc2;rct;bin;rgs;gif;jpg;jpeg;jpe;resx;tiff;tif;png;wav;mfcribbon-ms</Extensions>
    </Filter>
    <Filter Include="Header Files\SquareClasses">
      <UniqueIdentifier>{8b63a500-a62a-400f-803b-b38b75f5b21e}</UniqueIdentifier>
    </Filter>
    <Filter Include="Source Files\SquareClasses">
      <UniqueIdentifier>{daee7676-3e25-43c5-be9a-ed8fe53569a5}</UniqueIdentifier>
    </Filter>
  </ItemGroup>
  <ItemGroup>
    <ClCompile Include="Main.cpp">
      <Filter>Source Files</Filter>
    </ClCompile>
    <ClCompile Include="Random.cpp">
      <Filter>Source Files</Filter>
    </ClCompile>
    <ClCompile Include="CBonusSquare.cpp">
      <Filter>Source Files\SquareClasses</Filter>
    </ClCompile>
    <ClCompile Include="CFreeParkingSquare.cpp">
      <Filter>Source Files\SquareClasses</Filter>
    </ClCompile>
    <ClCompile Include="CGoSquare.cpp">
      <Filter>Source Files\SquareClasses</Filter>
    </ClCompile>
    <ClCompile Include="CGameSquare.cpp">
      <Filter>Source Files\SquareClasses</Filter>
    </ClCompile>
    <ClCompile Include="CGoToJailSquare.cpp">
      <Filter>Source Files\SquareClasses</Filter>
    </ClCompile>
    <ClCompile Include="CJailSquare.cpp">
      <Filter>Source Files\SquareClasses</Filter>
    </ClCompile>
    <ClCompile Include="CPenaltySquare.cpp">
      <Filter>Source Files\SquareClasses</Filter>
    </ClCompile>
    <ClCompile Include="CPropertySquare.cpp">
      <Filter>Source Files\SquareClasses</Filter>
    </ClCompile>
    <ClCompile Include="CRetailParkSquare.cpp">
      <Filter>Source Files\SquareClasses</Filter>
    </ClCompile>
    <ClCompile Include="CSquareFactory.cpp">
      <Filter>Source Files</Filter>
    </ClCompile>
    <ClCompile Include="CMonopoly.cpp">
      <Filter>Source Files</Filter>
    </ClCompile>
    <ClCompile Include="CPlayer.cpp">
      <Filter>Source Files</Filter>
    </ClCompile>
  </ItemGroup>
  <ItemGroup>
    <ClInclude Include="Random.h">
      <Filter>Header Files</Filter>
    </ClInclude>
    <ClInclude Include="Constants.h">
      <Filter>Header Files</Filter>
    </ClInclude>
    <ClInclude Include="CPlayer.h">
      <Filter>Header Files</Filter>
    </ClInclude>
    <ClInclude Include="CMonopoly.h">
      <Filter>Header Files</Filter>
    </ClInclude>
    <ClInclude Include="CSquareFactory.h">
      <Filter>Header Files</Filter>
    </ClInclude>
    <ClInclude Include="CBonusSquare.h">
      <Filter>Header Files\SquareClasses</Filter>
    </ClInclude>
    <ClInclude Include="CFreeParkingSquare.h">
      <Filter>Header Files\SquareClasses</Filter>
    </ClInclude>
    <ClInclude Include="CGameSquare.h">
      <Filter>Header Files\SquareClasses</Filter>
    </ClInclude>
    <ClInclude Include="CGoSquare.h">
      <Filter>Header Files\SquareClasses</Filter>
    </ClInclude>
    <ClInclude Include="CGoToJailSquare.h">
      <Filter>Header Files\SquareClasses</Filter>
    </ClInclude>
    <ClInclude Include="CJailSquare.h">
      <Filter>Header Files\SquareClasses</Filter>
    </ClInclude>
    <ClInclude Include="CPenaltySquare.h">
      <Filter>Header Files\SquareClasses</Filter>
    </ClInclude>
    <ClInclude Include="CPropertySquare.h">
      <Filter>Header Files\SquareClasses</Filter>
    </ClInclude>
    <ClInclude Include="CRetailParkSquare.h">
      <Filter>Header Files\SquareClasses</Filter>
    </ClInclude>
  </ItemGroup>
</Project>